
Microsoft Visual Studio Solution File, Format Version 12.00
# Visual Studio Version 17
VisualStudioVersion = 17.5.33530.505
MinimumVisualStudioVersion = 10.0.40219.1
Project("{FAE04EC0-301F-11D3-BF4B-00C04F79EFBC}") = "ThreadHomework", "ThreadHomework.csproj", "{FAD3C039-09D0-4EBA-A0EA-F6346CFD626C}"
EndProject
Global
	GlobalSection(SolutionConfigurationPlatforms) = preSolution
		Debug|Any CPU = Debug|Any CPU
		Release|Any CPU = Release|Any CPU
	EndGlobalSection
	GlobalSection(ProjectConfigurationPlatforms) = postSolution
		{FAD3C039-09D0-4EBA-A0EA-F6346CFD626C}.Debug|Any CPU.ActiveCfg = Debug|Any CPU
		{FAD3C039-09D0-4EBA-A0EA-F6346CFD626C}.Debug|Any CPU.Build.0 = Debug|Any CPU
		{FAD3C039-09D0-4EBA-A0EA-F6346CFD626C}.Release|Any CPU.ActiveCfg = Release|Any CPU
		{FAD3C039-09D0-4EBA-A0EA-F6346CFD626C}.Release|Any CPU.Build.0 = Release|Any CPU
	EndGlobalSection
	GlobalSection(SolutionProperties) = preSolution
		HideSolutionNode = FALSE
	EndGlobalSection
	GlobalSection(ExtensibilityGlobals) = postSolution
		SolutionGuid = {8D5041F6-04F7-40E6-B701-DA6F05B60C9D}
	EndGlobalSection
EndGlobal
